<?xml version="1.0" encoding="utf-8"?>
<Project ToolsVersion="4.0" xmlns="http://schemas.microsoft.com/developer/msbuild/2003">
  <ItemGroup>
    <Filter Include="Source Files">
      <UniqueIdentifier>{4FC737F1-C7A5-4376-A066-2A32D752A2FF}</UniqueIdentifier>
      <Extensions>cpp;c;cc;cxx;def;odl;idl;hpj;bat;asm;asmx</Extensions>
    </Filter>
    <Filter Include="Header Files">
      <UniqueIdentifier>{93995380-89BD-4b04-88EB-625FBE52EBFB}</UniqueIdentifier>
      <Extensions>h;hh;hpp;hxx;hm;inl;inc;xsd</Extensions>
    </Filter>
    <Filter Include="Resource Files">
      <UniqueIdentifier>{67DA6AB6-F800-4c08-8B7A-83BB121AAD01}</UniqueIdentifier>
      <Extensions>rc;ico;cur;bmp;dlg;rc2;rct;bin;rgs;gif;jpg;jpeg;jpe;resx;tiff;tif;png;wav</Extensions>
    </Filter>
    <Filter Include="Header Files\Chess">
      <UniqueIdentifier>{6e1ff7c7-b731-45da-b241-6377c13e6fb5}</UniqueIdentifier>
    </Filter>
    <Filter Include="Header Files\Chess\Pieces">
      <UniqueIdentifier>{56d45924-84df-4d5b-958d-b2ab8d47c660}</UniqueIdentifier>
    </Filter>
    <Filter Include="Source Files\Chess">
      <UniqueIdentifier>{ee1193bd-3315-4cba-ac0b-bd14df182bf3}</UniqueIdentifier>
    </Filter>
    <Filter Include="Source Files\Chess\Pieces">
      <UniqueIdentifier>{6a5b2bee-1801-4707-9ac4-040a2011d794}</UniqueIdentifier>
    </Filter>
    <Filter Include="Header Files\Chess\Pieces\Logic">
      <UniqueIdentifier>{2cf57ccc-3b4a-4b1b-bf44-985ad57aa4fd}</UniqueIdentifier>
    </Filter>
    <Filter Include="Source Files\Chess\Pieces\Logic">
      <UniqueIdentifier>{b786c730-2221-4164-a90e-ead80bd88ad2}</UniqueIdentifier>
    </Filter>
    <Filter Include="Source Files\Chess\Logic">
      <UniqueIdentifier>{a640a104-0c6a-4c75-b0b7-b9cd1ee46e56}</UniqueIdentifier>
    </Filter>
    <Filter Include="Header Files\Chess\Logic">
      <UniqueIdentifier>{1ede4df8-b75a-42fa-a3e0-b04b5f52dc89}</UniqueIdentifier>
    </Filter>
  </ItemGroup>
  <ItemGroup>
    <ClCompile Include="src\chess\Chessboard.cpp">
      <Filter>Source Files\Chess</Filter>
    </ClCompile>
    <ClCompile Include="src\chess\Controller.cpp">
      <Filter>Source Files\Chess</Filter>
    </ClCompile>
    <ClCompile Include="src\chess\Game.cpp">
      <Filter>Source Files\Chess</Filter>
    </ClCompile>
    <ClCompile Include="src\chess\HandlerInputer.cpp">
      <Filter>Source Files\Chess</Filter>
    </ClCompile>
    <ClCompile Include="src\main.cpp">
      <Filter>Source Files</Filter>
    </ClCompile>
    <ClCompile Include="src\chess\pieces\Bishop.cpp">
      <Filter>Source Files\Chess\Pieces</Filter>
    </ClCompile>
    <ClCompile Include="src\chess\pieces\King.cpp">
      <Filter>Source Files\Chess\Pieces</Filter>
    </ClCompile>
    <ClCompile Include="src\chess\pieces\KingChecker.cpp">
      <Filter>Source Files\Chess\Pieces</Filter>
    </ClCompile>
    <ClCompile Include="src\chess\pieces\Knight.cpp">
      <Filter>Source Files\Chess\Pieces</Filter>
    </ClCompile>
    <ClCompile Include="src\chess\pieces\KnightChecker.cpp">
      <Filter>Source Files\Chess\Pieces</Filter>
    </ClCompile>
    <ClCompile Include="src\chess\pieces\Pawn.cpp">
      <Filter>Source Files\Chess\Pieces</Filter>
    </ClCompile>
    <ClCompile Include="src\chess\pieces\Rook.cpp">
      <Filter>Source Files\Chess\Pieces</Filter>
    </ClCompile>
    <ClCompile Include="src\chess\pieces\Queen.cpp">
      <Filter>Source Files\Chess\Pieces</Filter>
    </ClCompile>
    <ClCompile Include="src\chess\pieces\PawnChecker.cpp">
      <Filter>Source Files\Chess\Pieces</Filter>
    </ClCompile>
    <ClCompile Include="src\chess\pieces\RookChecker.cpp">
      <Filter>Source Files\Chess\Pieces</Filter>
    </ClCompile>
    <ClCompile Include="src\chess\pieces\BishopChecker.cpp">
      <Filter>Source Files\Chess\Pieces</Filter>
    </ClCompile>
    <ClCompile Include="src\chess\pieces\QueenChecker.cpp">
      <Filter>Source Files\Chess\Pieces</Filter>
    </ClCompile>
    <ClCompile Include="src\chess\pieces\logic\PieceFinder.cpp">
      <Filter>Source Files\Chess\Pieces\Logic</Filter>
    </ClCompile>
    <ClCompile Include="src\chess\pieces\logic\PieceTypeConverter.cpp">
      <Filter>Source Files\Chess\Pieces\Logic</Filter>
    </ClCompile>
    <ClCompile Include="src\chess\pieces\logic\PieceColorAndType.cpp">
      <Filter>Source Files\Chess\Pieces\Logic</Filter>
    </ClCompile>
    <ClCompile Include="src\chess\pieces\logic\BishopQueenRookDirectionChecker.cpp">
      <Filter>Source Files\Chess\Pieces\Logic</Filter>
    </ClCompile>
    <ClCompile Include="src\chess\logic\ErrorConverter.cpp">
      <Filter>Source Files\Chess\Logic</Filter>
    </ClCompile>
    <ClCompile Include="src\chess\logic\Coordinate.cpp">
      <Filter>Source Files\Chess\Logic</Filter>
    </ClCompile>
    <ClCompile Include="src\chess\pieces\logic\PositionChecker.cpp">
      <Filter>Source Files\Chess\Pieces\Logic</Filter>
    </ClCompile>
    <ClCompile Include="src\chess\logic\PieceSignalDirector.cpp">
      <Filter>Source Files\Chess\Logic</Filter>
    </ClCompile>
    <ClCompile Include="src\chess\logic\PieceInitializer.cpp">
      <Filter>Source Files\Chess\Logic</Filter>
    </ClCompile>
    <ClCompile Include="src\chess\pieces\logic\MoveChecker.cpp">
      <Filter>Source Files\Chess\Pieces\Logic</Filter>
    </ClCompile>
    <ClCompile Include="src\chess\logic\MoveValidator.cpp">
      <Filter>Source Files\Chess\Logic</Filter>
    </ClCompile>
    <ClCompile Include="src\chess\logic\PieceDirector.cpp">
      <Filter>Source Files\Chess\Logic</Filter>
    </ClCompile>
    <ClCompile Include="src\chess\pieces\logic\MoveCheckerFactory.cpp">
      <Filter>Source Files\Chess\Pieces\Logic</Filter>
    </ClCompile>
    <ClCompile Include="src\chess\LabelShower.cpp">
      <Filter>Source Files\Chess</Filter>
    </ClCompile>
    <ClCompile Include="src\chess\ChessboardDisplayer.cpp">
      <Filter>Source Files\Chess</Filter>
    </ClCompile>
    <ClCompile Include="src\chess\logic\PieceTakeLocator.cpp">
      <Filter>Source Files\Chess\Logic</Filter>
    </ClCompile>
    <ClCompile Include="src\chess\pieces\logic\CheckChecker.cpp">
      <Filter>Source Files\Chess\Pieces\Logic</Filter>
    </ClCompile>
    <ClCompile Include="src\chess\Player.cpp">
      <Filter>Source Files</Filter>
    </ClCompile>
    <ClCompile Include="src\chess\logic\Promotion.cpp">
      <Filter>Source Files</Filter>
    </ClCompile>
    <ClCompile Include="src\chess\logic\PromotePieceInputer.cpp">
      <Filter>Source Files</Filter>
    </ClCompile>
    <ClCompile Include="src\chess\logic\Inputer.cpp">
      <Filter>Source Files</Filter>
    </ClCompile>
    <ClCompile Include="src\chess\logic\DrawChecker.cpp">
      <Filter>Source Files</Filter>
    </ClCompile>
    <ClCompile Include="src\chess\pieces\logic\PieceColorConverter.cpp">
      <Filter>Source Files</Filter>
    </ClCompile>
    <ClCompile Include="src\chess\pieces\Piece.cpp">
      <Filter>Source Files</Filter>
    </ClCompile>
  </ItemGroup>
  <ItemGroup>
    <ClInclude Include="src\chess\Chessboard.h">
      <Filter>Header Files\Chess</Filter>
    </ClInclude>
    <ClInclude Include="src\chess\Controller.h">
      <Filter>Header Files\Chess</Filter>
    </ClInclude>
    <ClInclude Include="src\chess\Game.h">
      <Filter>Header Files\Chess</Filter>
    </ClInclude>
    <ClInclude Include="src\chess\HandlerInputer.h">
      <Filter>Header Files\Chess</Filter>
    </ClInclude>
    <ClInclude Include="src\chess\pieces\Bishop.h">
      <Filter>Header Files\Chess\Pieces</Filter>
    </ClInclude>
    <ClInclude Include="src\chess\pieces\Piece.h">
      <Filter>Header Files\Chess\Pieces</Filter>
    </ClInclude>
    <ClInclude Include="src\chess\pieces\Knight.h">
      <Filter>Header Files\Chess\Pieces</Filter>
    </ClInclude>
    <ClInclude Include="src\chess\pieces\KingChecker.h">
      <Filter>Header Files\Chess\Pieces</Filter>
    </ClInclude>
    <ClInclude Include="src\chess\pieces\KnightChecker.h">
      <Filter>Header Files\Chess\Pieces</Filter>
    </ClInclude>
    <ClInclude Include="src\chess\pieces\Pawn.h">
      <Filter>Header Files\Chess\Pieces</Filter>
    </ClInclude>
    <ClInclude Include="src\chess\pieces\Rook.h">
      <Filter>Header Files\Chess\Pieces</Filter>
    </ClInclude>
    <ClInclude Include="src\chess\pieces\Queen.h">
      <Filter>Header Files\Chess\Pieces</Filter>
    </ClInclude>
    <ClInclude Include="src\chess\pieces\PawnChecker.h">
      <Filter>Header Files\Chess\Pieces</Filter>
    </ClInclude>
    <ClInclude Include="src\chess\pieces\RookChecker.h">
      <Filter>Header Files\Chess\Pieces</Filter>
    </ClInclude>
    <ClInclude Include="src\chess\pieces\BishopChecker.h">
      <Filter>Header Files\Chess\Pieces</Filter>
    </ClInclude>
    <ClInclude Include="src\chess\pieces\QueenChecker.h">
      <Filter>Header Files\Chess\Pieces</Filter>
    </ClInclude>
    <ClInclude Include="src\chess\pieces\logic\BishopQueenRookDirectionChecker.h">
      <Filter>Header Files\Chess\Pieces\Logic</Filter>
    </ClInclude>
    <ClInclude Include="src\chess\pieces\logic\PieceFinder.h">
      <Filter>Header Files\Chess\Pieces\Logic</Filter>
    </ClInclude>
    <ClInclude Include="src\chess\pieces\logic\PieceTypeConverter.h">
      <Filter>Header Files\Chess\Pieces\Logic</Filter>
    </ClInclude>
    <ClInclude Include="src\chess\pieces\logic\PieceColorAndType.h">
      <Filter>Header Files\Chess\Pieces\Logic</Filter>
    </ClInclude>
    <ClInclude Include="src\chess\pieces\logic\ePieceColor.h">
      <Filter>Header Files\Chess\Pieces\Logic</Filter>
    </ClInclude>
    <ClInclude Include="src\chess\pieces\logic\ePieceType.h">
      <Filter>Header Files\Chess\Pieces\Logic</Filter>
    </ClInclude>
    <ClInclude Include="src\chess\pieces\logic\IMoveChecker.h">
      <Filter>Header Files\Chess\Pieces\Logic</Filter>
    </ClInclude>
    <ClInclude Include="src\chess\pieces\logic\PositionChecker.h">
      <Filter>Header Files\Chess\Pieces\Logic</Filter>
    </ClInclude>
    <ClInclude Include="src\chess\logic\Coordinate.h">
      <Filter>Header Files\Chess\Logic</Filter>
    </ClInclude>
    <ClInclude Include="src\chess\logic\eConsoleColor.h">
      <Filter>Header Files\Chess\Logic</Filter>
    </ClInclude>
    <ClInclude Include="src\chess\logic\eError.h">
      <Filter>Header Files\Chess\Logic</Filter>
    </ClInclude>
    <ClInclude Include="src\chess\logic\ErrorConverter.h">
      <Filter>Header Files\Chess\Logic</Filter>
    </ClInclude>
    <ClInclude Include="src\chess\logic\Counts.h">
      <Filter>Header Files\Chess\Logic</Filter>
    </ClInclude>
    <ClInclude Include="src\chess\logic\Sizes.h">
      <Filter>Header Files\Chess\Logic</Filter>
    </ClInclude>
    <ClInclude Include="src\chess\logic\PieceInitializer.h">
      <Filter>Header Files\Chess\Logic</Filter>
    </ClInclude>
    <ClInclude Include="src\chess\logic\PieceSignalDirector.h">
      <Filter>Header Files\Chess\Logic</Filter>
    </ClInclude>
    <ClInclude Include="src\chess\pieces\logic\MoveChecker.h">
      <Filter>Header Files\Chess\Pieces\Logic</Filter>
    </ClInclude>
    <ClInclude Include="src\chess\pieces\logic\ICastlable.h">
      <Filter>Header Files\Chess\Pieces\Logic</Filter>
    </ClInclude>
    <ClInclude Include="src\chess\pieces\logic\eCastleSide.h">
      <Filter>Header Files\Chess\Pieces\Logic</Filter>
    </ClInclude>
    <ClInclude Include="src\chess\logic\MoveValidator.h">
      <Filter>Header Files\Chess\Logic</Filter>
    </ClInclude>
    <ClInclude Include="src\chess\logic\PieceDirector.h">
      <Filter>Header Files\Chess\Logic</Filter>
    </ClInclude>
    <ClInclude Include="src\chess\ChessboardDisplayer.h">
      <Filter>Header Files\Chess</Filter>
    </ClInclude>
    <ClInclude Include="src\chess\LabelShower.h">
      <Filter>Header Files\Chess</Filter>
    </ClInclude>
    <ClInclude Include="src\chess\pieces\logic\MoveCheckerFactory.h">
      <Filter>Header Files\Chess\Pieces\Logic</Filter>
    </ClInclude>
    <ClInclude Include="src\chess\logic\PieceTakeLocator.h">
      <Filter>Header Files\Chess\Logic</Filter>
    </ClInclude>
    <ClInclude Include="src\chess\pieces\logic\CheckChecker.h">
      <Filter>Header Files\Chess\Pieces\Logic</Filter>
    </ClInclude>
    <ClInclude Include="src\chess\Player.h">
      <Filter>Header Files</Filter>
    </ClInclude>
    <ClInclude Include="src\chess\logic\Promotion.h">
      <Filter>Header Files</Filter>
    </ClInclude>
    <ClInclude Include="src\chess\logic\PromotePieceInputer.h">
      <Filter>Header Files</Filter>
    </ClInclude>
    <ClInclude Include="src\chess\logic\Inputer.h">
      <Filter>Header Files</Filter>
    </ClInclude>
    <ClInclude Include="src\chess\logic\DrawChecker.h">
      <Filter>Header Files</Filter>
    </ClInclude>
    <ClInclude Include="src\chess\pieces\logic\PieceColorConverter.h">
      <Filter>Header Files</Filter>
    </ClInclude>
    <ClInclude Include="src\chess\pieces\King.h">
      <Filter>Header Files\Chess\Pieces</Filter>
    </ClInclude>
  </ItemGroup>
</Project>